github.com/lib/pq v1.10.9 h1:YXG7RB+JIjhP29X+OtkiDnYaXQwpS4JEWq7dtCCRUEw=
github.com/lib/pq v1.10.9/go.mod h1:AlVN5x4E4T544tWzH6hKfbfQvm3HdbOxrmggDNAPY9o=
github.com/reiver/go-pqerror v0.0.0-20160209202356-63f13fe5516a h1:i/pAGIHp4NQC1uLyk3po3/VdKep+FKcKmT9RmEqbdu0=
github.com/reiver/go-pqerror v0.0.0-20160209202356-63f13fe5516a/go.mod h1:4407xS0Ol5sdDy7xCsK9bnkCNP2vhCrkVV3ptq3E4Qk=
